
Microsoft Visual Studio Solution File, Format Version 12.00
# Visual Studio Version 17
VisualStudioVersion = 17.12.35527.113
MinimumVisualStudioVersion = 10.0.40219.1
Project("{FAE04EC0-301F-11D3-BF4B-00C04F79EFBC}") = "Academia.SIMOVIA.WebAPI", "Academia.SIMOVIA.WebAPI.csproj", "{20C2257A-BBE1-4098-B65B-DCB915903201}"
EndProject
Project("{FAE04EC0-301F-11D3-BF4B-00C04F79EFBC}") = "Academia.SIMOVIA.UnitTests", "..\Academia.SIMOVIA.UnitTests\Academia.SIMOVIA.UnitTests.csproj", "{A7F55F4E-BBD9-4B72-95B0-420F3FA61169}"
EndProject
Global
	GlobalSection(SolutionConfigurationPlatforms) = preSolution
		Debug|Any CPU = Debug|Any CPU
		Release|Any CPU = Release|Any CPU
	EndGlobalSection
	GlobalSection(ProjectConfigurationPlatforms) = postSolution
		{20C2257A-BBE1-4098-B65B-DCB915903201}.Debug|Any CPU.ActiveCfg = Debug|Any CPU
		{20C2257A-BBE1-4098-B65B-DCB915903201}.Debug|Any CPU.Build.0 = Debug|Any CPU
		{20C2257A-BBE1-4098-B65B-DCB915903201}.Release|Any CPU.ActiveCfg = Release|Any CPU
		{20C2257A-BBE1-4098-B65B-DCB915903201}.Release|Any CPU.Build.0 = Release|Any CPU
		{A7F55F4E-BBD9-4B72-95B0-420F3FA61169}.Debug|Any CPU.ActiveCfg = Debug|Any CPU
		{A7F55F4E-BBD9-4B72-95B0-420F3FA61169}.Debug|Any CPU.Build.0 = Debug|Any CPU
		{A7F55F4E-BBD9-4B72-95B0-420F3FA61169}.Release|Any CPU.ActiveCfg = Release|Any CPU
		{A7F55F4E-BBD9-4B72-95B0-420F3FA61169}.Release|Any CPU.Build.0 = Release|Any CPU
	EndGlobalSection
	GlobalSection(SolutionProperties) = preSolution
		HideSolutionNode = FALSE
	EndGlobalSection
EndGlobal
